
Microsoft Visual Studio Solution File, Format Version 12.00
# Visual Studio Version 18
VisualStudioVersion = 18.2.11415.280 d18.0
MinimumVisualStudioVersion = 10.0.40219.1
Project("{FAE04EC0-301F-11D3-BF4B-00C04F79EFBC}") = "NewHeap.Platform.Common", "Libraries\NewHeap.Platform.Common\NewHeap.Platform.Common.csproj", "{595BE0C3-E5F2-4DA6-A5B3-2F3A9594FE7F}"
EndProject
Project("{FAE04EC0-301F-11D3-BF4B-00C04F79EFBC}") = "NewHeap.Platform.AspNet.Common", "Libraries\NewHeap.Platform.AspNet.Common\NewHeap.Platform.AspNet.Common.csproj", "{E35C95AD-034A-44CD-9F15-CD85EDAFADDA}"
EndProject
Project("{2150E333-8FDC-42A3-9474-1A3956D46DE8}") = "Libraries", "Libraries", "{5FC542AC-AA75-453A-8F5E-76CFF5D76D50}"
EndProject
Project("{2150E333-8FDC-42A3-9474-1A3956D46DE8}") = "__Solution Items", "__Solution Items", "{33C97E81-613D-46F6-8EA4-81F8D96BB7C9}"
	ProjectSection(SolutionItems) = preProject
		Directory.Build.props = Directory.Build.props
		Directory.Packages.props = Directory.Packages.props
		nuget.config = nuget.config
	EndProjectSection
EndProject
Project("{FAE04EC0-301F-11D3-BF4B-00C04F79EFBC}") = "NewHeap.Platform.Media.Core", "Libraries\NewHeap.Platform.Media.Core\NewHeap.Platform.Media.Core.csproj", "{1B92754F-8A84-4796-A099-9D5FA8F15C06}"
EndProject
Project("{FAE04EC0-301F-11D3-BF4B-00C04F79EFBC}") = "NewHeap.Platform.Media.FileStructureStorage.SqlServer", "Libraries\NewHeap.Platform.Media.FileStructureStorage.SqlServer\NewHeap.Platform.Media.FileStructureStorage.SqlServer.csproj", "{1301805E-C04F-4841-8959-5A7574CB5729}"
EndProject
Project("{FAE04EC0-301F-11D3-BF4B-00C04F79EFBC}") = "NewHeap.Platform.Media.FileStructureStorage.PostgreSql", "Libraries\NewHeap.Platform.Media.FileStructureStorage.PostgreSql\NewHeap.Platform.Media.FileStructureStorage.PostgreSql.csproj", "{CC8AB63E-6B0B-41BD-8EE0-C3A37C84FBA4}"
EndProject
Project("{FAE04EC0-301F-11D3-BF4B-00C04F79EFBC}") = "NewHeap.Platform.Media.MediaStorage.FileSystem", "Libraries\NewHeap.Platform.Media.MediaStorage.FileSystem\NewHeap.Platform.Media.MediaStorage.FileSystem.csproj", "{E7896109-A26A-4512-9796-9D1E2A0D9765}"
EndProject
Project("{FAE04EC0-301F-11D3-BF4B-00C04F79EFBC}") = "NewHeap.Platform.Media.Http", "Libraries\NewHeap.Platform.Media.Http\NewHeap.Platform.Media.Http.csproj", "{905A6456-B046-4543-A66B-9BEB0B404C47}"
EndProject
Project("{2150E333-8FDC-42A3-9474-1A3956D46DE8}") = "MediaLibrary", "MediaLibrary", "{026E006D-3564-42A8-8CD0-484C1F9262CA}"
EndProject
Project("{FAE04EC0-301F-11D3-BF4B-00C04F79EFBC}") = "NewHeap.Platform.Media", "Libraries\NewHeap.Platform.Media\NewHeap.Platform.Media.csproj", "{CBD6D479-8DBC-41BB-A87E-03F5C97EDB76}"
EndProject
Project("{FAE04EC0-301F-11D3-BF4B-00C04F79EFBC}") = "NewHeap.Platform.AspNet.Caching", "Libraries\NewHeap.Platform.AspNet.Caching\NewHeap.Platform.AspNet.Caching.csproj", "{C81F7586-4617-4539-A43C-5FBB2EA7A964}"
EndProject
Project("{2150E333-8FDC-42A3-9474-1A3956D46DE8}") = "Assets", "Assets", "{83E01F79-5B9B-495F-ADEE-D2A781337244}"
	ProjectSection(SolutionItems) = preProject
		Assets\NH_logo.png = Assets\NH_logo.png
		Assets\NH_logo_wit.png = Assets\NH_logo_wit.png
	EndProjectSection
EndProject
Project("{FAE04EC0-301F-11D3-BF4B-00C04F79EFBC}") = "NewHeap.Platform.Events.Cap", "Libraries\NewHeap.Platform.Events.Cap\NewHeap.Platform.Events.Cap.csproj", "{B63F4B9A-6516-4B31-8958-3C61AF95B344}"
EndProject
Project("{FAE04EC0-301F-11D3-BF4B-00C04F79EFBC}") = "NewHeap.Platform.Media.MediaStorage.S3Bucket", "Libraries\NewHeap.Platform.Media.MediaStorage.S3Bucket\NewHeap.Platform.Media.MediaStorage.S3Bucket.csproj", "{F613D021-75F5-4ED6-92C0-696769BCBF4D}"
EndProject
Project("{2150E333-8FDC-42A3-9474-1A3956D46DE8}") = "Tests", "Tests", "{1D360831-537F-430C-A2ED-0F9F81AA8CE4}"
	ProjectSection(SolutionItems) = preProject
		.gitkeep = .gitkeep
	EndProjectSection
EndProject
Project("{FAE04EC0-301F-11D3-BF4B-00C04F79EFBC}") = "NewHeap.Platform.Common.Test", "Libraries\NewHeap.Platform.Common.Test\NewHeap.Platform.Common.Test.csproj", "{8A88A67F-9E6D-4523-A837-41D4E1139FAD}"
EndProject
Project("{FAE04EC0-301F-11D3-BF4B-00C04F79EFBC}") = "NewHeap.Platform.AspNet.Common.Test", "Libraries\NewHeap.Platform.AspNet.Common.Test\NewHeap.Platform.AspNet.Common.Test.csproj", "{F9D8F982-57E7-47A6-8C0B-F7696434C2C1}"
EndProject
Project("{2150E333-8FDC-42A3-9474-1A3956D46DE8}") = "Test", "Test", "{15F9FA78-71D0-4BF4-B032-4FC66D4EFF0E}"
EndProject
Project("{FAE04EC0-301F-11D3-BF4B-00C04F79EFBC}") = "NewHeap.Platform.Common.Tests", "Tests\NewHeap.Platform.Common.Tests\NewHeap.Platform.Common.Tests.csproj", "{A76B9F4B-2E4D-4FCB-A632-733F9E54AA01}"
EndProject
Project("{FAE04EC0-301F-11D3-BF4B-00C04F79EFBC}") = "NewHeap.Platform.AspNet.Common.Tests", "Tests\NewHeap.Platform.AspNet.Common.Tests\NewHeap.Platform.AspNet.Common.Tests.csproj", "{C6D90591-1C26-4B3B-BD20-E074BD421E62}"
EndProject
Global
	GlobalSection(SolutionConfigurationPlatforms) = preSolution
		Debug|Any CPU = Debug|Any CPU
		Release|Any CPU = Release|Any CPU
	EndGlobalSection
	GlobalSection(ProjectConfigurationPlatforms) = postSolution
		{595BE0C3-E5F2-4DA6-A5B3-2F3A9594FE7F}.Debug|Any CPU.ActiveCfg = Debug|Any CPU
		{595BE0C3-E5F2-4DA6-A5B3-2F3A9594FE7F}.Debug|Any CPU.Build.0 = Debug|Any CPU
		{595BE0C3-E5F2-4DA6-A5B3-2F3A9594FE7F}.Release|Any CPU.ActiveCfg = Release|Any CPU
		{595BE0C3-E5F2-4DA6-A5B3-2F3A9594FE7F}.Release|Any CPU.Build.0 = Release|Any CPU
		{E35C95AD-034A-44CD-9F15-CD85EDAFADDA}.Debug|Any CPU.ActiveCfg = Debug|Any CPU
		{E35C95AD-034A-44CD-9F15-CD85EDAFADDA}.Debug|Any CPU.Build.0 = Debug|Any CPU
		{E35C95AD-034A-44CD-9F15-CD85EDAFADDA}.Release|Any CPU.ActiveCfg = Release|Any CPU
		{E35C95AD-034A-44CD-9F15-CD85EDAFADDA}.Release|Any CPU.Build.0 = Release|Any CPU
		{1B92754F-8A84-4796-A099-9D5FA8F15C06}.Debug|Any CPU.ActiveCfg = Debug|Any CPU
		{1B92754F-8A84-4796-A099-9D5FA8F15C06}.Debug|Any CPU.Build.0 = Debug|Any CPU
		{1B92754F-8A84-4796-A099-9D5FA8F15C06}.Release|Any CPU.ActiveCfg = Release|Any CPU
		{1B92754F-8A84-4796-A099-9D5FA8F15C06}.Release|Any CPU.Build.0 = Release|Any CPU
		{1301805E-C04F-4841-8959-5A7574CB5729}.Debug|Any CPU.ActiveCfg = Debug|Any CPU
		{1301805E-C04F-4841-8959-5A7574CB5729}.Debug|Any CPU.Build.0 = Debug|Any CPU
		{1301805E-C04F-4841-8959-5A7574CB5729}.Release|Any CPU.ActiveCfg = Release|Any CPU
		{1301805E-C04F-4841-8959-5A7574CB5729}.Release|Any CPU.Build.0 = Release|Any CPU
		{CC8AB63E-6B0B-41BD-8EE0-C3A37C84FBA4}.Debug|Any CPU.ActiveCfg = Debug|Any CPU
		{CC8AB63E-6B0B-41BD-8EE0-C3A37C84FBA4}.Debug|Any CPU.Build.0 = Debug|Any CPU
		{CC8AB63E-6B0B-41BD-8EE0-C3A37C84FBA4}.Release|Any CPU.ActiveCfg = Release|Any CPU
		{CC8AB63E-6B0B-41BD-8EE0-C3A37C84FBA4}.Release|Any CPU.Build.0 = Release|Any CPU
		{E7896109-A26A-4512-9796-9D1E2A0D9765}.Debug|Any CPU.ActiveCfg = Debug|Any CPU
		{E7896109-A26A-4512-9796-9D1E2A0D9765}.Debug|Any CPU.Build.0 = Debug|Any CPU
		{E7896109-A26A-4512-9796-9D1E2A0D9765}.Release|Any CPU.ActiveCfg = Release|Any CPU
		{E7896109-A26A-4512-9796-9D1E2A0D9765}.Release|Any CPU.Build.0 = Release|Any CPU
		{905A6456-B046-4543-A66B-9BEB0B404C47}.Debug|Any CPU.ActiveCfg = Debug|Any CPU
		{905A6456-B046-4543-A66B-9BEB0B404C47}.Debug|Any CPU.Build.0 = Debug|Any CPU
		{905A6456-B046-4543-A66B-9BEB0B404C47}.Release|Any CPU.ActiveCfg = Release|Any CPU
		{905A6456-B046-4543-A66B-9BEB0B404C47}.Release|Any CPU.Build.0 = Release|Any CPU
		{CBD6D479-8DBC-41BB-A87E-03F5C97EDB76}.Debug|Any CPU.ActiveCfg = Debug|Any CPU
		{CBD6D479-8DBC-41BB-A87E-03F5C97EDB76}.Debug|Any CPU.Build.0 = Debug|Any CPU
		{CBD6D479-8DBC-41BB-A87E-03F5C97EDB76}.Release|Any CPU.ActiveCfg = Release|Any CPU
		{CBD6D479-8DBC-41BB-A87E-03F5C97EDB76}.Release|Any CPU.Build.0 = Release|Any CPU
		{C81F7586-4617-4539-A43C-5FBB2EA7A964}.Debug|Any CPU.ActiveCfg = Debug|Any CPU
		{C81F7586-4617-4539-A43C-5FBB2EA7A964}.Debug|Any CPU.Build.0 = Debug|Any CPU
		{C81F7586-4617-4539-A43C-5FBB2EA7A964}.Release|Any CPU.ActiveCfg = Release|Any CPU
		{C81F7586-4617-4539-A43C-5FBB2EA7A964}.Release|Any CPU.Build.0 = Release|Any CPU
		{B63F4B9A-6516-4B31-8958-3C61AF95B344}.Debug|Any CPU.ActiveCfg = Debug|Any CPU
		{B63F4B9A-6516-4B31-8958-3C61AF95B344}.Debug|Any CPU.Build.0 = Debug|Any CPU
		{B63F4B9A-6516-4B31-8958-3C61AF95B344}.Release|Any CPU.ActiveCfg = Release|Any CPU
		{B63F4B9A-6516-4B31-8958-3C61AF95B344}.Release|Any CPU.Build.0 = Release|Any CPU
		{F613D021-75F5-4ED6-92C0-696769BCBF4D}.Debug|Any CPU.ActiveCfg = Debug|Any CPU
		{F613D021-75F5-4ED6-92C0-696769BCBF4D}.Debug|Any CPU.Build.0 = Debug|Any CPU
		{F613D021-75F5-4ED6-92C0-696769BCBF4D}.Release|Any CPU.ActiveCfg = Release|Any CPU
		{F613D021-75F5-4ED6-92C0-696769BCBF4D}.Release|Any CPU.Build.0 = Release|Any CPU
		{8A88A67F-9E6D-4523-A837-41D4E1139FAD}.Debug|Any CPU.ActiveCfg = Debug|Any CPU
		{8A88A67F-9E6D-4523-A837-41D4E1139FAD}.Debug|Any CPU.Build.0 = Debug|Any CPU
		{8A88A67F-9E6D-4523-A837-41D4E1139FAD}.Release|Any CPU.ActiveCfg = Release|Any CPU
		{8A88A67F-9E6D-4523-A837-41D4E1139FAD}.Release|Any CPU.Build.0 = Release|Any CPU
		{F9D8F982-57E7-47A6-8C0B-F7696434C2C1}.Debug|Any CPU.ActiveCfg = Debug|Any CPU
		{F9D8F982-57E7-47A6-8C0B-F7696434C2C1}.Debug|Any CPU.Build.0 = Debug|Any CPU
		{F9D8F982-57E7-47A6-8C0B-F7696434C2C1}.Release|Any CPU.ActiveCfg = Release|Any CPU
		{F9D8F982-57E7-47A6-8C0B-F7696434C2C1}.Release|Any CPU.Build.0 = Release|Any CPU
		{A76B9F4B-2E4D-4FCB-A632-733F9E54AA01}.Debug|Any CPU.ActiveCfg = Debug|Any CPU
		{A76B9F4B-2E4D-4FCB-A632-733F9E54AA01}.Debug|Any CPU.Build.0 = Debug|Any CPU
		{A76B9F4B-2E4D-4FCB-A632-733F9E54AA01}.Release|Any CPU.ActiveCfg = Release|Any CPU
		{A76B9F4B-2E4D-4FCB-A632-733F9E54AA01}.Release|Any CPU.Build.0 = Release|Any CPU
		{C6D90591-1C26-4B3B-BD20-E074BD421E62}.Debug|Any CPU.ActiveCfg = Debug|Any CPU
		{C6D90591-1C26-4B3B-BD20-E074BD421E62}.Debug|Any CPU.Build.0 = Debug|Any CPU
		{C6D90591-1C26-4B3B-BD20-E074BD421E62}.Release|Any CPU.ActiveCfg = Release|Any CPU
		{C6D90591-1C26-4B3B-BD20-E074BD421E62}.Release|Any CPU.Build.0 = Release|Any CPU
	EndGlobalSection
	GlobalSection(SolutionProperties) = preSolution
		HideSolutionNode = FALSE
	EndGlobalSection
	GlobalSection(NestedProjects) = preSolution
		{595BE0C3-E5F2-4DA6-A5B3-2F3A9594FE7F} = {5FC542AC-AA75-453A-8F5E-76CFF5D76D50}
		{E35C95AD-034A-44CD-9F15-CD85EDAFADDA} = {5FC542AC-AA75-453A-8F5E-76CFF5D76D50}
		{1B92754F-8A84-4796-A099-9D5FA8F15C06} = {026E006D-3564-42A8-8CD0-484C1F9262CA}
		{1301805E-C04F-4841-8959-5A7574CB5729} = {026E006D-3564-42A8-8CD0-484C1F9262CA}
		{CC8AB63E-6B0B-41BD-8EE0-C3A37C84FBA4} = {026E006D-3564-42A8-8CD0-484C1F9262CA}
		{E7896109-A26A-4512-9796-9D1E2A0D9765} = {026E006D-3564-42A8-8CD0-484C1F9262CA}
		{905A6456-B046-4543-A66B-9BEB0B404C47} = {026E006D-3564-42A8-8CD0-484C1F9262CA}
		{026E006D-3564-42A8-8CD0-484C1F9262CA} = {5FC542AC-AA75-453A-8F5E-76CFF5D76D50}
		{CBD6D479-8DBC-41BB-A87E-03F5C97EDB76} = {026E006D-3564-42A8-8CD0-484C1F9262CA}
		{C81F7586-4617-4539-A43C-5FBB2EA7A964} = {5FC542AC-AA75-453A-8F5E-76CFF5D76D50}
		{B63F4B9A-6516-4B31-8958-3C61AF95B344} = {5FC542AC-AA75-453A-8F5E-76CFF5D76D50}
		{F613D021-75F5-4ED6-92C0-696769BCBF4D} = {026E006D-3564-42A8-8CD0-484C1F9262CA}
		{8A88A67F-9E6D-4523-A837-41D4E1139FAD} = {15F9FA78-71D0-4BF4-B032-4FC66D4EFF0E}
		{F9D8F982-57E7-47A6-8C0B-F7696434C2C1} = {15F9FA78-71D0-4BF4-B032-4FC66D4EFF0E}
		{15F9FA78-71D0-4BF4-B032-4FC66D4EFF0E} = {5FC542AC-AA75-453A-8F5E-76CFF5D76D50}
		{A76B9F4B-2E4D-4FCB-A632-733F9E54AA01} = {1D360831-537F-430C-A2ED-0F9F81AA8CE4}
		{C6D90591-1C26-4B3B-BD20-E074BD421E62} = {1D360831-537F-430C-A2ED-0F9F81AA8CE4}
	EndGlobalSection
	GlobalSection(ExtensibilityGlobals) = postSolution
		SolutionGuid = {2ECAB1E7-4BFF-456B-8F6F-7D0002756B1A}
	EndGlobalSection
EndGlobal
